<?xml version="1.0" encoding="UTF-8"?>
<Scheme
   version = "1.3">
   <BuildAction>
      <BuildActionEntries>
         <BuildActionEntry
            buildForRunning = "YES">
            <BuildableReference
               BuildableIdentifier = "primary"
               BlueprintIdentifier = "955229D92CD3ED16790A5CCC"
               BuildableName = "firstiOSApp.app"
               BlueprintName = "firstiOSApp"
               ReferencedContainer = "container:firstiOSApp.xcodeproj">
            </BuildableReference>
         </BuildActionEntry>
      </BuildActionEntries>
   </BuildAction>
   <LaunchAction
      useCustomWorkingDirectory = "NO"
      buildConfiguration = "Debug">
      <BuildableProductRunnable>
         <BuildableReference
            BuildableIdentifier = "primary"
            BlueprintIdentifier = "955229D92CD3ED16790A5CCC"
            BuildableName = "firstiOSApp.app"
            BlueprintName = "firstiOSApp"
            ReferencedContainer = "container:firstiOSApp.xcodeproj">
         </BuildableReference>
      </BuildableProductRunnable>
   </LaunchAction>
</Scheme>
