// !$*UTF8*$!
{
	archiveVersion = 1;
	classes = {
	};
	objectVersion = 46;
	objects = {

/* Begin PBXBuildFile section */
		95522013245CAD2E9E078AC5 /* firstiOSAppTests.m in Sources */ = {isa = PBXBuildFile; fileRef = 95522AB8009C717CC9015866 /* firstiOSAppTests.m */; };
		9552206562C223064D9760CF /* AppDelegate.m in Sources */ = {isa = PBXBuildFile; fileRef = 95522A99C9E46C1D3A317CA9 /* AppDelegate.m */; };
		95522314DB96EBDEFCC4CAF1 /* Assets.xcassets in Resources */ = {isa = PBXBuildFile; fileRef = 955222D3CE8FFEAD9DD56D13 /* Assets.xcassets */; };
		955225C7BBB16AA8DDF7BC76 /* Main.storyboard in Resources */ = {isa = PBXBuildFile; fileRef = 95522AD6801D658CD8CDBEB5 /* Main.storyboard */; };
		9552271A54082A5967933159 /* firstiOSAppUITests.m in Sources */ = {isa = PBXBuildFile; fileRef = 95522A7AED9F36654FCD522E /* firstiOSAppUITests.m */; };
		95522792E383AF27CA8783A8 /* main.m in Sources */ = {isa = PBXBuildFile; fileRef = 955223EC82A2EB448DF408F2 /* main.m */; };
		95522A9ECEF9F323D6C2650F /* ViewController.m in Sources */ = {isa = PBXBuildFile; fileRef = 95522129E7FC0D9B6C94CC0C /* ViewController.m */; };
		95522D4BBD1D55CE7F8F1565 /* Info.plist in Resources */ = {isa = PBXBuildFile; fileRef = 955228048F94F9DF6B29339B /* Info.plist */; };
		95522D82030B84E3A9BB2D5A /* Info.plist in Resources */ = {isa = PBXBuildFile; fileRef = 9552281FF89D8B8A57FB2D31 /* Info.plist */; };
		95522FDD3FAC3A24EF2ABA58 /* Info.plist in Resources */ = {isa = PBXBuildFile; fileRef = 95522E7D46A7B1A6F5829579 /* Info.plist */; };
/* End PBXBuildFile section */

/* Begin PBXContainerItemProxy section */
		9552209833D1B48C66A8735A /* PBXContainerItemProxy */ = {
			isa = PBXContainerItemProxy;
			containerPortal = 95522598247965613940DA8C /* Project object */;
			proxyType = 1;
			remoteGlobalIDString = 955229D92CD3ED16790A5CCC;
			remoteInfo = firstiOSApp;
		};
		9552244739E84780A2395881 /* PBXContainerItemProxy */ = {
			isa = PBXContainerItemProxy;
			containerPortal = 95522598247965613940DA8C /* Project object */;
			proxyType = 1;
			remoteGlobalIDString = 955229D92CD3ED16790A5CCC;
			remoteInfo = firstiOSApp;
		};
/* End PBXContainerItemProxy section */

/* Begin PBXFileReference section */
		9552206DB70EB806E5F4AF46 /* firstiOSApp.app */ = {isa = PBXFileReference; explicitFileType = wrapper.application; includeInIndex = 0; path = firstiOSApp.app; sourceTree = BUILT_PRODUCTS_DIR; };
		955220971B2D510B0E348A09 /* ViewController.h */ = {isa = PBXFileReference; lastKnownFileType = sourcecode.c.h; path = ViewController.h; sourceTree = "<group>"; };
		95522129E7FC0D9B6C94CC0C /* ViewController.m */ = {isa = PBXFileReference; lastKnownFileType = sourcecode.c.objc; path = ViewController.m; sourceTree = "<group>"; };
		955222D3CE8FFEAD9DD56D13 /* Assets.xcassets */ = {isa = PBXFileReference; lastKnownFileType = folder.assetcatalog; path = Assets.xcassets; sourceTree = "<group>"; };
		955222F167812E03E9ABFF05 /* Base */ = {isa = PBXFileReference; lastKnownFileType = file.storyboard; name = Base; path = Base.lproj/Main.storyboard; sourceTree = "<group>"; };
		955223EC82A2EB448DF408F2 /* main.m */ = {isa = PBXFileReference; lastKnownFileType = sourcecode.c.objc; path = main.m; sourceTree = "<group>"; };
		9552270A11FB15DB12B8204B /* AppDelegate.h */ = {isa = PBXFileReference; lastKnownFileType = sourcecode.c.h; path = AppDelegate.h; sourceTree = "<group>"; };
		9552275697AA02F1FB7BA5BA /* firstiOSAppTests.xctest */ = {isa = PBXFileReference; explicitFileType = wrapper.cfbundle; includeInIndex = 0; path = firstiOSAppTests.xctest; sourceTree = BUILT_PRODUCTS_DIR; };
		955228048F94F9DF6B29339B /* Info.plist */ = {isa = PBXFileReference; lastKnownFileType = text.plist.info; path = Info.plist; sourceTree = "<group>"; };
		9552281FF89D8B8A57FB2D31 /* Info.plist */ = {isa = PBXFileReference; lastKnownFileType = text.plist.info; path = Info.plist; sourceTree = "<group>"; };
		95522A7AED9F36654FCD522E /* firstiOSAppUITests.m */ = {isa = PBXFileReference; lastKnownFileType = sourcecode.c.objc; path = firstiOSAppUITests.m; sourceTree = "<group>"; };
		95522A99C9E46C1D3A317CA9 /* AppDelegate.m */ = {isa = PBXFileReference; lastKnownFileType = sourcecode.c.objc; path = AppDelegate.m; sourceTree = "<group>"; };
		95522AB8009C717CC9015866 /* firstiOSAppTests.m */ = {isa = PBXFileReference; lastKnownFileType = sourcecode.c.objc; path = firstiOSAppTests.m; sourceTree = "<group>"; };
		95522C9852708008B7A46438 /* firstiOSAppUITests.xctest */ = {isa = PBXFileReference; explicitFileType = wrapper.cfbundle; includeInIndex = 0; path = firstiOSAppUITests.xctest; sourceTree = BUILT_PRODUCTS_DIR; };
		95522E7D46A7B1A6F5829579 /* Info.plist */ = {isa = PBXFileReference; lastKnownFileType = text.plist.info; path = Info.plist; sourceTree = "<group>"; };
/* End PBXFileReference section */

/* Begin PBXFrameworksBuildPhase section */
		9552244FE7601EF83525A2B5 /* Frameworks */ = {
			isa = PBXFrameworksBuildPhase;
			buildActionMask = 2147483647;
			files = (
			);
			runOnlyForDeploymentPostprocessing = 0;
		};
		95522B010195CB1DAC3024B7 /* Frameworks */ = {
			isa = PBXFrameworksBuildPhase;
			buildActionMask = 2147483647;
			files = (
			);
			runOnlyForDeploymentPostprocessing = 0;
		};
		95522DC1C7AB36D697FAC5EF /* Frameworks */ = {
			isa = PBXFrameworksBuildPhase;
			buildActionMask = 2147483647;
			files = (
			);
			runOnlyForDeploymentPostprocessing = 0;
		};
/* End PBXFrameworksBuildPhase section */

/* Begin PBXGroup section */
		955220A43C0C86AC20D5DA9D = {
			isa = PBXGroup;
			children = (
				95522286B35EA569E4566065 /* Products */,
				9552226063496F7B8288C9EE /* firstiOSApp */,
				95522AF7D5DB9273BBCEC1D5 /* firstiOSAppTests */,
				95522A21D12BA9359F5054F4 /* firstiOSAppUITests */,
			);
			sourceTree = "<group>";
		};
		955221338CBC54E8D10A0B5B /* Supporting Files */ = {
			isa = PBXGroup;
			children = (
				955223EC82A2EB448DF408F2 /* main.m */,
			);
			name = "Supporting Files";
			sourceTree = "<group>";
		};
		9552226063496F7B8288C9EE /* firstiOSApp */ = {
			isa = PBXGroup;
			children = (
				9552281FF89D8B8A57FB2D31 /* Info.plist */,
				955222D3CE8FFEAD9DD56D13 /* Assets.xcassets */,
				9552270A11FB15DB12B8204B /* AppDelegate.h */,
				95522A99C9E46C1D3A317CA9 /* AppDelegate.m */,
				955221338CBC54E8D10A0B5B /* Supporting Files */,
				95522AD6801D658CD8CDBEB5 /* Main.storyboard */,
				955220971B2D510B0E348A09 /* ViewController.h */,
				95522129E7FC0D9B6C94CC0C /* ViewController.m */,
			);
			path = firstiOSApp;
			sourceTree = "<group>";
		};
		95522286B35EA569E4566065 /* Products */ = {
			isa = PBXGroup;
			children = (
				9552206DB70EB806E5F4AF46 /* firstiOSApp.app */,
				9552275697AA02F1FB7BA5BA /* firstiOSAppTests.xctest */,
				95522C9852708008B7A46438 /* firstiOSAppUITests.xctest */,
			);
			name = Products;
			sourceTree = "<group>";
		};
		95522A21D12BA9359F5054F4 /* firstiOSAppUITests */ = {
			isa = PBXGroup;
			children = (
				95522E7D46A7B1A6F5829579 /* Info.plist */,
				95522A7AED9F36654FCD522E /* firstiOSAppUITests.m */,
			);
			path = firstiOSAppUITests;
			sourceTree = "<group>";
		};
		95522AF7D5DB9273BBCEC1D5 /* firstiOSAppTests */ = {
			isa = PBXGroup;
			children = (
				955228048F94F9DF6B29339B /* Info.plist */,
				95522AB8009C717CC9015866 /* firstiOSAppTests.m */,
			);
			path = firstiOSAppTests;
			sourceTree = "<group>";
		};
/* End PBXGroup section */

/* Begin PBXNativeTarget section */
		955220B09890999259E72FD9 /* firstiOSAppUITests */ = {
			isa = PBXNativeTarget;
			buildConfigurationList = 9552234C98E5EBE1A9D69AA2 /* Build configuration list for PBXNativeTarget "firstiOSAppUITests" */;
			buildPhases = (
				955220B2C8C61D9045B460A1 /* Sources */,
				95522B010195CB1DAC3024B7 /* Frameworks */,
				955224D31BF7A865CE8CBB36 /* Resources */,
			);
			buildRules = (
			);
			dependencies = (
				955229144425D16229558F6C /* PBXTargetDependency */,
			);
			name = firstiOSAppUITests;
			productName = firstiOSAppUITests;
			productReference = 95522C9852708008B7A46438 /* firstiOSAppUITests.xctest */;
			productType = "com.apple.product-type.bundle.ui-testing";
		};
		955229D92CD3ED16790A5CCC /* firstiOSApp */ = {
			isa = PBXNativeTarget;
			buildConfigurationList = 95522CA775920CC1553FED2A /* Build configuration list for PBXNativeTarget "firstiOSApp" */;
			buildPhases = (
				95522B3BB6D2D49740A5A3EE /* Sources */,
				95522DC1C7AB36D697FAC5EF /* Frameworks */,
				95522212C27C75CD93764B5B /* Resources */,
			);
			buildRules = (
			);
			dependencies = (
			);
			name = firstiOSApp;
			productName = firstiOSApp;
			productReference = 9552206DB70EB806E5F4AF46 /* firstiOSApp.app */;
			productType = "com.apple.product-type.application";
		};
		95522B030AABD8836A2846B8 /* firstiOSAppTests */ = {
			isa = PBXNativeTarget;
			buildConfigurationList = 955226765ED94E4AA8094BF7 /* Build configuration list for PBXNativeTarget "firstiOSAppTests" */;
			buildPhases = (
				95522A289E9AD9F7B2851EB2 /* Sources */,
				9552244FE7601EF83525A2B5 /* Frameworks */,
				95522BA84675FED73CAE7C05 /* Resources */,
			);
			buildRules = (
			);
			dependencies = (
				9552204B100FE9541F5F131E /* PBXTargetDependency */,
			);
			name = firstiOSAppTests;
			productName = firstiOSAppTests;
			productReference = 9552275697AA02F1FB7BA5BA /* firstiOSAppTests.xctest */;
			productType = "com.apple.product-type.bundle.unit-test";
		};
/* End PBXNativeTarget section */

/* Begin PBXProject section */
		95522598247965613940DA8C /* Project object */ = {
			isa = PBXProject;
			attributes = {
				ORGANIZATIONNAME = "___FULLUSERNAME___";
			};
			buildConfigurationList = 955220F8784FB6F4B3E54A3D /* Build configuration list for PBXProject "firstiOSApp" */;
			compatibilityVersion = "Xcode 3.2";
			developmentRegion = English;
			hasScannedForEncodings = 0;
			knownRegions = (
				en,
			);
			mainGroup = 955220A43C0C86AC20D5DA9D;
			productRefGroup = 95522286B35EA569E4566065 /* Products */;
			projectDirPath = "";
			projectRoot = "";
			targets = (
				955229D92CD3ED16790A5CCC /* firstiOSApp */,
				95522B030AABD8836A2846B8 /* firstiOSAppTests */,
				955220B09890999259E72FD9 /* firstiOSAppUITests */,
			);
		};
/* End PBXProject section */

/* Begin PBXResourcesBuildPhase section */
		95522212C27C75CD93764B5B /* Resources */ = {
			isa = PBXResourcesBuildPhase;
			buildActionMask = 2147483647;
			files = (
				95522D82030B84E3A9BB2D5A /* Info.plist in Resources */,
				95522314DB96EBDEFCC4CAF1 /* Assets.xcassets in Resources */,
				955225C7BBB16AA8DDF7BC76 /* Main.storyboard in Resources */,
			);
			runOnlyForDeploymentPostprocessing = 0;
		};
		955224D31BF7A865CE8CBB36 /* Resources */ = {
			isa = PBXResourcesBuildPhase;
			buildActionMask = 2147483647;
			files = (
				95522FDD3FAC3A24EF2ABA58 /* Info.plist in Resources */,
			);
			runOnlyForDeploymentPostprocessing = 0;
		};
		95522BA84675FED73CAE7C05 /* Resources */ = {
			isa = PBXResourcesBuildPhase;
			buildActionMask = 2147483647;
			files = (
				95522D4BBD1D55CE7F8F1565 /* Info.plist in Resources */,
			);
			runOnlyForDeploymentPostprocessing = 0;
		};
/* End PBXResourcesBuildPhase section */

/* Begin PBXSourcesBuildPhase section */
		955220B2C8C61D9045B460A1 /* Sources */ = {
			isa = PBXSourcesBuildPhase;
			buildActionMask = 2147483647;
			files = (
				9552271A54082A5967933159 /* firstiOSAppUITests.m in Sources */,
			);
			runOnlyForDeploymentPostprocessing = 0;
		};
		95522A289E9AD9F7B2851EB2 /* Sources */ = {
			isa = PBXSourcesBuildPhase;
			buildActionMask = 2147483647;
			files = (
				95522013245CAD2E9E078AC5 /* firstiOSAppTests.m in Sources */,
			);
			runOnlyForDeploymentPostprocessing = 0;
		};
		95522B3BB6D2D49740A5A3EE /* Sources */ = {
			isa = PBXSourcesBuildPhase;
			buildActionMask = 2147483647;
			files = (
				9552206562C223064D9760CF /* AppDelegate.m in Sources */,
				95522792E383AF27CA8783A8 /* main.m in Sources */,
				95522A9ECEF9F323D6C2650F /* ViewController.m in Sources */,
			);
			runOnlyForDeploymentPostprocessing = 0;
		};
/* End PBXSourcesBuildPhase section */

/* Begin PBXTargetDependency section */
		9552204B100FE9541F5F131E /* PBXTargetDependency */ = {
			isa = PBXTargetDependency;
			target = 955229D92CD3ED16790A5CCC /* firstiOSApp */;
			targetProxy = 9552244739E84780A2395881 /* PBXContainerItemProxy */;
		};
		955229144425D16229558F6C /* PBXTargetDependency */ = {
			isa = PBXTargetDependency;
			target = 955229D92CD3ED16790A5CCC /* firstiOSApp */;
			targetProxy = 9552209833D1B48C66A8735A /* PBXContainerItemProxy */;
		};
/* End PBXTargetDependency section */

/* Begin PBXVariantGroup section */
		95522AD6801D658CD8CDBEB5 /* Main.storyboard */ = {
			isa = PBXVariantGroup;
			children = (
				955222F167812E03E9ABFF05 /* Base */,
			);
			name = Main.storyboard;
			sourceTree = "<group>";
		};
/* End PBXVariantGroup section */

/* Begin XCBuildConfiguration section */
		955220B02E977A520B71C8E7 /* Debug */ = {
			isa = XCBuildConfiguration;
			buildSettings = {
				BUNDLE_LOADER = "$(BUILT_PRODUCTS_DIR)/firstiOSApp.app/Contents/MacOS/firstiOSApp";
				COMBINE_HIDPI_IMAGES = YES;
				INFOPLIST_FILE = firstiOSAppUITests/Info.plist;
				LD_RUNPATH_SEARCH_PATHS = "$(inherited) @executable_path/../Frameworks @loader_path/../Frameworks";
				PRODUCT_BUNDLE_IDENTIFIER = com.travelgene.firstiOSAppUITests;
				PRODUCT_NAME = "$(TARGET_NAME)";
				TEST_HOST = "$(BUNDLE_LOADER)";
			};
			name = Debug;
		};
		955220C3A285CB0E6E0A98E2 /* Release */ = {
			isa = XCBuildConfiguration;
			buildSettings = {
				ASSETCATALOG_COMPILER_APPICON_NAME = AppIcon;
				COMBINE_HIDPI_IMAGES = YES;
				INFOPLIST_FILE = firstiOSApp/Info.plist;
				LD_RUNPATH_SEARCH_PATHS = "$(inherited) @executable_path/../Frameworks";
				PRODUCT_BUNDLE_IDENTIFIER = com.travelgene.firstiOSApp;
				PRODUCT_NAME = "$(TARGET_NAME)";
			};
			name = Release;
		};
		9552226EB5C5A5228BF9F88C /* Debug */ = {
			isa = XCBuildConfiguration;
			buildSettings = {
				BUNDLE_LOADER = "$(BUILT_PRODUCTS_DIR)/firstiOSApp.app/Contents/MacOS/firstiOSApp";
				COMBINE_HIDPI_IMAGES = YES;
				INFOPLIST_FILE = firstiOSAppTests/Info.plist;
				LD_RUNPATH_SEARCH_PATHS = "$(inherited) @executable_path/../Frameworks @loader_path/../Frameworks";
				PRODUCT_BUNDLE_IDENTIFIER = com.travelgene.firstiOSAppTests;
				PRODUCT_NAME = "$(TARGET_NAME)";
				TEST_HOST = "$(BUNDLE_LOADER)";
			};
			name = Debug;
		};
		955222F1FEDF5B96FC1D94B8 /* Debug */ = {
			isa = XCBuildConfiguration;
			buildSettings = {
				ASSETCATALOG_COMPILER_APPICON_NAME = AppIcon;
				COMBINE_HIDPI_IMAGES = YES;
				INFOPLIST_FILE = firstiOSApp/Info.plist;
				LD_RUNPATH_SEARCH_PATHS = "$(inherited) @executable_path/../Frameworks";
				PRODUCT_BUNDLE_IDENTIFIER = com.travelgene.firstiOSApp;
				PRODUCT_NAME = "$(TARGET_NAME)";
			};
			name = Debug;
		};
		955223FB6552C32F30FF2E54 /* Debug */ = {
			isa = XCBuildConfiguration;
			buildSettings = {
				ALWAYS_SEARCH_USER_PATHS = NO;
				CLANG_CXX_LANGUAGE_STANDARD = "gnu++0x";
				CLANG_CXX_LIBRARY = "libc++";
				CLANG_ENABLE_MODULES = YES;
				CLANG_ENABLE_OBJC_ARC = YES;
				CLANG_WARN_BOOL_CONVERSION = YES;
				CLANG_WARN_CONSTANT_CONVERSION = YES;
				CLANG_WARN_DIRECT_OBJC_ISA_USAGE = YES_ERROR;
				CLANG_WARN_EMPTY_BODY = YES;
				CLANG_WARN_ENUM_CONVERSION = YES;
				CLANG_WARN_INT_CONVERSION = YES;
				CLANG_WARN_OBJC_ROOT_CLASS = YES_ERROR;
				CLANG_WARN_UNREACHABLE_CODE = YES;
				CLANG_WARN__DUPLICATE_METHOD_MATCH = YES;
				CODE_SIGN_IDENTITY = "-";
				COPY_PHASE_STRIP = NO;
				DEBUG_INFORMATION_FORMAT = dwarf;
				ENABLE_STRICT_OBJC_MSGSEND = YES;
				ENABLE_TESTABILITY = YES;
				GCC_C_LANGUAGE_STANDARD = gnu99;
				GCC_DYNAMIC_NO_PIC = NO;
				GCC_NO_COMMON_BLOCKS = YES;
				GCC_OPTIMIZATION_LEVEL = 0;
				GCC_PREPROCESSOR_DEFINITIONS = (
					"DEBUG=1",
					"$(inherited)",
				);
				GCC_WARN_64_TO_32_BIT_CONVERSION = YES;
				GCC_WARN_ABOUT_RETURN_TYPE = YES_ERROR;
				GCC_WARN_UNDECLARED_SELECTOR = YES;
				GCC_WARN_UNINITIALIZED_AUTOS = YES_AGGRESSIVE;
				GCC_WARN_UNUSED_FUNCTION = YES;
				GCC_WARN_UNUSED_VARIABLE = YES;
				MACOSX_DEPLOYMENT_TARGET = 10.10;
				MTL_ENABLE_DEBUG_INFO = YES;
				ONLY_ACTIVE_ARCH = YES;
				SDKROOT = macosx;
			};
			name = Debug;
		};
		955227EE2FEE7C9ABF2D7855 /* Release */ = {
			isa = XCBuildConfiguration;
			buildSettings = {
				BUNDLE_LOADER = "$(BUILT_PRODUCTS_DIR)/firstiOSApp.app/Contents/MacOS/firstiOSApp";
				COMBINE_HIDPI_IMAGES = YES;
				INFOPLIST_FILE = firstiOSAppTests/Info.plist;
				LD_RUNPATH_SEARCH_PATHS = "$(inherited) @executable_path/../Frameworks @loader_path/../Frameworks";
				PRODUCT_BUNDLE_IDENTIFIER = com.travelgene.firstiOSAppTests;
				PRODUCT_NAME = "$(TARGET_NAME)";
				TEST_HOST = "$(BUNDLE_LOADER)";
			};
			name = Release;
		};
		95522BC22341D8CFA0DD5347 /* Release */ = {
			isa = XCBuildConfiguration;
			buildSettings = {
				ALWAYS_SEARCH_USER_PATHS = NO;
				CLANG_CXX_LANGUAGE_STANDARD = "gnu++0x";
				CLANG_CXX_LIBRARY = "libc++";
				CLANG_ENABLE_MODULES = YES;
				CLANG_ENABLE_OBJC_ARC = YES;
				CLANG_WARN_BOOL_CONVERSION = YES;
				CLANG_WARN_CONSTANT_CONVERSION = YES;
				CLANG_WARN_DIRECT_OBJC_ISA_USAGE = YES_ERROR;
				CLANG_WARN_EMPTY_BODY = YES;
				CLANG_WARN_ENUM_CONVERSION = YES;
				CLANG_WARN_INT_CONVERSION = YES;
				CLANG_WARN_OBJC_ROOT_CLASS = YES_ERROR;
				CLANG_WARN_UNREACHABLE_CODE = YES;
				CLANG_WARN__DUPLICATE_METHOD_MATCH = YES;
				CODE_SIGN_IDENTITY = "-";
				COPY_PHASE_STRIP = NO;
				DEBUG_INFORMATION_FORMAT = "dwarf-with-dsym";
				ENABLE_NS_ASSERTIONS = NO;
				ENABLE_STRICT_OBJC_MSGSEND = YES;
				GCC_C_LANGUAGE_STANDARD = gnu99;
				GCC_NO_COMMON_BLOCKS = YES;
				GCC_WARN_64_TO_32_BIT_CONVERSION = YES;
				GCC_WARN_ABOUT_RETURN_TYPE = YES_ERROR;
				GCC_WARN_UNDECLARED_SELECTOR = YES;
				GCC_WARN_UNINITIALIZED_AUTOS = YES_AGGRESSIVE;
				GCC_WARN_UNUSED_FUNCTION = YES;
				GCC_WARN_UNUSED_VARIABLE = YES;
				MACOSX_DEPLOYMENT_TARGET = 10.10;
				MTL_ENABLE_DEBUG_INFO = NO;
				SDKROOT = macosx;
			};
			name = Release;
		};
		95522F2218CBA895265E4F4A /* Release */ = {
			isa = XCBuildConfiguration;
			buildSettings = {
				BUNDLE_LOADER = "$(BUILT_PRODUCTS_DIR)/firstiOSApp.app/Contents/MacOS/firstiOSApp";
				COMBINE_HIDPI_IMAGES = YES;
				INFOPLIST_FILE = firstiOSAppUITests/Info.plist;
				LD_RUNPATH_SEARCH_PATHS = "$(inherited) @executable_path/../Frameworks @loader_path/../Frameworks";
				PRODUCT_BUNDLE_IDENTIFIER = com.travelgene.firstiOSAppUITests;
				PRODUCT_NAME = "$(TARGET_NAME)";
				TEST_HOST = "$(BUNDLE_LOADER)";
			};
			name = Release;
		};
/* End XCBuildConfiguration section */

/* Begin XCConfigurationList section */
		955220F8784FB6F4B3E54A3D /* Build configuration list for PBXProject "firstiOSApp" */ = {
			isa = XCConfigurationList;
			buildConfigurations = (
				955223FB6552C32F30FF2E54 /* Debug */,
				95522BC22341D8CFA0DD5347 /* Release */,
			);
			defaultConfigurationIsVisible = 0;
			defaultConfigurationName = Release;
		};
		9552234C98E5EBE1A9D69AA2 /* Build configuration list for PBXNativeTarget "firstiOSAppUITests" */ = {
			isa = XCConfigurationList;
			buildConfigurations = (
				955220B02E977A520B71C8E7 /* Debug */,
				95522F2218CBA895265E4F4A /* Release */,
			);
			defaultConfigurationIsVisible = 0;
		};
		955226765ED94E4AA8094BF7 /* Build configuration list for PBXNativeTarget "firstiOSAppTests" */ = {
			isa = XCConfigurationList;
			buildConfigurations = (
				9552226EB5C5A5228BF9F88C /* Debug */,
				955227EE2FEE7C9ABF2D7855 /* Release */,
			);
			defaultConfigurationIsVisible = 0;
		};
		95522CA775920CC1553FED2A /* Build configuration list for PBXNativeTarget "firstiOSApp" */ = {
			isa = XCConfigurationList;
			buildConfigurations = (
				955222F1FEDF5B96FC1D94B8 /* Debug */,
				955220C3A285CB0E6E0A98E2 /* Release */,
			);
			defaultConfigurationIsVisible = 0;
		};
/* End XCConfigurationList section */
	};
	rootObject = 95522598247965613940DA8C /* Project object */;
}
